// !$*UTF8*$!
{
	archiveVersion = 1;
	classes = {
	};
	objectVersion = 70;
	objects = {

/* Begin PBXBuildFile section */
		FE8416BF2F797D8700F09B6A /* TallyApp.swift in Sources */ = {isa = PBXBuildFile; fileRef = FE8416BE2F797D8700F09B6A /* TallyApp.swift */; };
		FE8416C12F797D8700F09B6A /* ContentView.swift in Sources */ = {isa = PBXBuildFile; fileRef = FE8416C02F797D8700F09B6A /* ContentView.swift */; };
		FE8416C32F797D8B00F09B6A /* Assets.xcassets in Resources */ = {isa = PBXBuildFile; fileRef = FE8416C22F797D8B00F09B6A /* Assets.xcassets */; };
		FE8416C62F797D8B00F09B6A /* Preview Assets.xcassets in Resources */ = {isa = PBXBuildFile; fileRef = FE8416C52F797D8B00F09B6A /* Preview Assets.xcassets */; };
		FE8416D72F797EAB00F09B6A /* Habit.swift in Sources */ = {isa = PBXBuildFile; fileRef = FE8416D62F797EAB00F09B6A /* Habit.swift */; };
		FE8416DB2F797EBE00F09B6A /* HabitLog.swift in Sources */ = {isa = PBXBuildFile; fileRef = FE8416DA2F797EBE00F09B6A /* HabitLog.swift */; };
		FE8416DE2F797ED000F09B6A /* HabitType.swift in Sources */ = {isa = PBXBuildFile; fileRef = FE8416DD2F797ED000F09B6A /* HabitType.swift */; };
		FE8416E12F797EE400F09B6A /* HomeViewModel.swift in Sources */ = {isa = PBXBuildFile; fileRef = FE8416E02F797EE400F09B6A /* HomeViewModel.swift */; };
		FE8416E42F797EF900F09B6A /* HabitDetailViewModel.swift in Sources */ = {isa = PBXBuildFile; fileRef = FE8416E32F797EF900F09B6A /* HabitDetailViewModel.swift */; };
		FE8416EB2F797F7300F09B6A /* HomeView.swift in Sources */ = {isa = PBXBuildFile; fileRef = FE8416EA2F797F7300F09B6A /* HomeView.swift */; };
		FE8416EE2F797F8600F09B6A /* HabitCardView.swift in Sources */ = {isa = PBXBuildFile; fileRef = FE8416ED2F797F8600F09B6A /* HabitCardView.swift */; };
		FE8416F12F797F9C00F09B6A /* HabitDetailView.swift in Sources */ = {isa = PBXBuildFile; fileRef = FE8416F02F797F9C00F09B6A /* HabitDetailView.swift */; };
		FE8416F82F797FF700F09B6A /* MilestoneBadgeRow.swift in Sources */ = {isa = PBXBuildFile; fileRef = FE8416F72F797FF700F09B6A /* MilestoneBadgeRow.swift */; };
		FE8416FB2F79801E00F09B6A /* AddHabitSheet.swift in Sources */ = {isa = PBXBuildFile; fileRef = FE8416FA2F79801E00F09B6A /* AddHabitSheet.swift */; };
		FE8416FE2F79803600F09B6A /* ProgressRingView.swift in Sources */ = {isa = PBXBuildFile; fileRef = FE8416FD2F79803600F09B6A /* ProgressRingView.swift */; };
		FE8417012F79805000F09B6A /* StreakCounterView.swift in Sources */ = {isa = PBXBuildFile; fileRef = FE8417002F79805000F09B6A /* StreakCounterView.swift */; };
		FE8417042F79807500F09B6A /* MilestoneOverlay.swift in Sources */ = {isa = PBXBuildFile; fileRef = FE8417032F79807500F09B6A /* MilestoneOverlay.swift */; };
		FE8417082F7980AE00F09B6A /* StreakEngine.swift in Sources */ = {isa = PBXBuildFile; fileRef = FE8417072F7980AE00F09B6A /* StreakEngine.swift */; };
		FE84170B2F7980C000F09B6A /* MilestoneService.swift in Sources */ = {isa = PBXBuildFile; fileRef = FE84170A2F7980C000F09B6A /* MilestoneService.swift */; };
		FE84170E2F7980E100F09B6A /* ParticleBurstView.swift in Sources */ = {isa = PBXBuildFile; fileRef = FE84170D2F7980E100F09B6A /* ParticleBurstView.swift */; };
		FE8417112F7980FB00F09B6A /* FlameAnimationView.swift in Sources */ = {isa = PBXBuildFile; fileRef = FE8417102F7980FB00F09B6A /* FlameAnimationView.swift */; };
		FE8417142F79811000F09B6A /* LightingEffectView.swift in Sources */ = {isa = PBXBuildFile; fileRef = FE8417132F79811000F09B6A /* LightingEffectView.swift */; };
		FE8417172F79812800F09B6A /* SupernovaView.swift in Sources */ = {isa = PBXBuildFile; fileRef = FE8417162F79812800F09B6A /* SupernovaView.swift */; };
		FE84171A2F79813700F09B6A /* DateHelpers.swift in Sources */ = {isa = PBXBuildFile; fileRef = FE8417192F79813700F09B6A /* DateHelpers.swift */; };
		FE84171D2F79814800F09B6A /* HapticManager.swift in Sources */ = {isa = PBXBuildFile; fileRef = FE84171C2F79814800F09B6A /* HapticManager.swift */; };
		FE8417262F79829C00F09B6A /* CalendarHeatMapView.swift in Sources */ = {isa = PBXBuildFile; fileRef = FE8417252F79829C00F09B6A /* CalendarHeatMapView.swift */; };
		FFBAF4082F86DCAD0012CA32 /* Color+Hex.swift in Sources */ = {isa = PBXBuildFile; fileRef = FFBAF4072F86DCAC0012CA32 /* Color+Hex.swift */; };
		FFBAF40A2F86DCD70012CA32 /* UndoToastView.swift in Sources */ = {isa = PBXBuildFile; fileRef = FFBAF4092F86DCD70012CA32 /* UndoToastView.swift */; };
		FFBAF4182F86F6E50012CA32 /* HabitIconView.swift in Sources */ = {isa = PBXBuildFile; fileRef = FFBAF4172F86F6E50012CA32 /* HabitIconView.swift */; };
		FFBAF42F2F8DDAA20012CA32 /* LegendBadgeView.swift in Sources */ = {isa = PBXBuildFile; fileRef = FFBAF42E2F8DDAA20012CA32 /* LegendBadgeView.swift */; };
		FFBAF4312F8DDB970012CA32 /* DemoData.swift in Sources */ = {isa = PBXBuildFile; fileRef = FFBAF4302F8DDB970012CA32 /* DemoData.swift */; };
/* End PBXBuildFile section */

/* Begin PBXContainerItemProxy section */
		FFBAF4212F8DD4280012CA32 /* PBXContainerItemProxy */ = {
			isa = PBXContainerItemProxy;
			containerPortal = FE8416B32F797D8700F09B6A /* Project object */;
			proxyType = 1;
			remoteGlobalIDString = FE8416BA2F797D8700F09B6A;
			remoteInfo = Tally;
		};
/* End PBXContainerItemProxy section */

/* Begin PBXFileReference section */
		FE8416BB2F797D8700F09B6A /* Tally.app */ = {isa = PBXFileReference; explicitFileType = wrapper.application; includeInIndex = 0; path = Tally.app; sourceTree = BUILT_PRODUCTS_DIR; };
		FE8416BE2F797D8700F09B6A /* TallyApp.swift */ = {isa = PBXFileReference; lastKnownFileType = sourcecode.swift; path = TallyApp.swift; sourceTree = "<group>"; };
		FE8416C02F797D8700F09B6A /* ContentView.swift */ = {isa = PBXFileReference; lastKnownFileType = sourcecode.swift; path = ContentView.swift; sourceTree = "<group>"; };
		FE8416C22F797D8B00F09B6A /* Assets.xcassets */ = {isa = PBXFileReference; lastKnownFileType = folder.assetcatalog; path = Assets.xcassets; sourceTree = "<group>"; };
		FE8416C52F797D8B00F09B6A /* Preview Assets.xcassets */ = {isa = PBXFileReference; lastKnownFileType = folder.assetcatalog; path = "Preview Assets.xcassets"; sourceTree = "<group>"; };
		FE8416C72F797D8B00F09B6A /* Info.plist */ = {isa = PBXFileReference; lastKnownFileType = text.plist.xml; path = Info.plist; sourceTree = "<group>"; };
		FE8416D62F797EAB00F09B6A /* Habit.swift */ = {isa = PBXFileReference; lastKnownFileType = sourcecode.swift; path = Habit.swift; sourceTree = "<group>"; };
		FE8416DA2F797EBE00F09B6A /* HabitLog.swift */ = {isa = PBXFileReference; lastKnownFileType = sourcecode.swift; path = HabitLog.swift; sourceTree = "<group>"; };
		FE8416DD2F797ED000F09B6A /* HabitType.swift */ = {isa = PBXFileReference; lastKnownFileType = sourcecode.swift; path = HabitType.swift; sourceTree = "<group>"; };
		FE8416E02F797EE400F09B6A /* HomeViewModel.swift */ = {isa = PBXFileReference; lastKnownFileType = sourcecode.swift; path = HomeViewModel.swift; sourceTree = "<group>"; };
		FE8416E32F797EF900F09B6A /* HabitDetailViewModel.swift */ = {isa = PBXFileReference; lastKnownFileType = sourcecode.swift; path = HabitDetailViewModel.swift; sourceTree = "<group>"; };
		FE8416EA2F797F7300F09B6A /* HomeView.swift */ = {isa = PBXFileReference; lastKnownFileType = sourcecode.swift; path = HomeView.swift; sourceTree = "<group>"; };
		FE8416ED2F797F8600F09B6A /* HabitCardView.swift */ = {isa = PBXFileReference; lastKnownFileType = sourcecode.swift; path = HabitCardView.swift; sourceTree = "<group>"; };
		FE8416F02F797F9C00F09B6A /* HabitDetailView.swift */ = {isa = PBXFileReference; lastKnownFileType = sourcecode.swift; path = HabitDetailView.swift; sourceTree = "<group>"; };
		FE8416F72F797FF700F09B6A /* MilestoneBadgeRow.swift */ = {isa = PBXFileReference; lastKnownFileType = sourcecode.swift; path = MilestoneBadgeRow.swift; sourceTree = "<group>"; };
		FE8416FA2F79801E00F09B6A /* AddHabitSheet.swift */ = {isa = PBXFileReference; lastKnownFileType = sourcecode.swift; path = AddHabitSheet.swift; sourceTree = "<group>"; };
		FE8416FD2F79803600F09B6A /* ProgressRingView.swift */ = {isa = PBXFileReference; lastKnownFileType = sourcecode.swift; path = ProgressRingView.swift; sourceTree = "<group>"; };
		FE8417002F79805000F09B6A /* StreakCounterView.swift */ = {isa = PBXFileReference; lastKnownFileType = sourcecode.swift; path = StreakCounterView.swift; sourceTree = "<group>"; };
		FE8417032F79807500F09B6A /* MilestoneOverlay.swift */ = {isa = PBXFileReference; lastKnownFileType = sourcecode.swift; path = MilestoneOverlay.swift; sourceTree = "<group>"; };
		FE8417072F7980AE00F09B6A /* StreakEngine.swift */ = {isa = PBXFileReference; lastKnownFileType = sourcecode.swift; path = StreakEngine.swift; sourceTree = "<group>"; };
		FE84170A2F7980C000F09B6A /* MilestoneService.swift */ = {isa = PBXFileReference; lastKnownFileType = sourcecode.swift; path = MilestoneService.swift; sourceTree = "<group>"; };
		FE84170D2F7980E100F09B6A /* ParticleBurstView.swift */ = {isa = PBXFileReference; lastKnownFileType = sourcecode.swift; path = ParticleBurstView.swift; sourceTree = "<group>"; };
		FE8417102F7980FB00F09B6A /* FlameAnimationView.swift */ = {isa = PBXFileReference; lastKnownFileType = sourcecode.swift; path = FlameAnimationView.swift; sourceTree = "<group>"; };
		FE8417132F79811000F09B6A /* LightingEffectView.swift */ = {isa = PBXFileReference; lastKnownFileType = sourcecode.swift; path = LightingEffectView.swift; sourceTree = "<group>"; };
		FE8417162F79812800F09B6A /* SupernovaView.swift */ = {isa = PBXFileReference; lastKnownFileType = sourcecode.swift; path = SupernovaView.swift; sourceTree = "<group>"; };
		FE8417192F79813700F09B6A /* DateHelpers.swift */ = {isa = PBXFileReference; lastKnownFileType = sourcecode.swift; path = DateHelpers.swift; sourceTree = "<group>"; };
		FE84171C2F79814800F09B6A /* HapticManager.swift */ = {isa = PBXFileReference; lastKnownFileType = sourcecode.swift; path = HapticManager.swift; sourceTree = "<group>"; };
		FE8417252F79829C00F09B6A /* CalendarHeatMapView.swift */ = {isa = PBXFileReference; lastKnownFileType = sourcecode.swift; path = CalendarHeatMapView.swift; sourceTree = "<group>"; };
		FFBAF4072F86DCAC0012CA32 /* Color+Hex.swift */ = {isa = PBXFileReference; lastKnownFileType = sourcecode.swift; path = "Color+Hex.swift"; sourceTree = "<group>"; };
		FFBAF4092F86DCD70012CA32 /* UndoToastView.swift */ = {isa = PBXFileReference; lastKnownFileType = sourcecode.swift; path = UndoToastView.swift; sourceTree = "<group>"; };
		FFBAF4172F86F6E50012CA32 /* HabitIconView.swift */ = {isa = PBXFileReference; lastKnownFileType = sourcecode.swift; path = HabitIconView.swift; sourceTree = "<group>"; };
		FFBAF41D2F8DD4280012CA32 /* TallyTests.xctest */ = {isa = PBXFileReference; explicitFileType = wrapper.cfbundle; includeInIndex = 0; path = TallyTests.xctest; sourceTree = BUILT_PRODUCTS_DIR; };
		FFBAF42E2F8DDAA20012CA32 /* LegendBadgeView.swift */ = {isa = PBXFileReference; lastKnownFileType = sourcecode.swift; path = LegendBadgeView.swift; sourceTree = "<group>"; };
		FFBAF4302F8DDB970012CA32 /* DemoData.swift */ = {isa = PBXFileReference; lastKnownFileType = sourcecode.swift; path = DemoData.swift; sourceTree = "<group>"; };
/* End PBXFileReference section */

/* Begin PBXFileSystemSynchronizedRootGroup section */
		FFBAF41E2F8DD4280012CA32 /* TallyTests */ = {isa = PBXFileSystemSynchronizedRootGroup; explicitFileTypes = {}; explicitFolders = (); path = TallyTests; sourceTree = "<group>"; };
/* End PBXFileSystemSynchronizedRootGroup section */

/* Begin PBXFrameworksBuildPhase section */
		FE8416B82F797D8700F09B6A /* Frameworks */ = {
			isa = PBXFrameworksBuildPhase;
			buildActionMask = 2147483647;
			files = (
			);
			runOnlyForDeploymentPostprocessing = 0;
		};
		FFBAF41A2F8DD4280012CA32 /* Frameworks */ = {
			isa = PBXFrameworksBuildPhase;
			buildActionMask = 2147483647;
			files = (
			);
			runOnlyForDeploymentPostprocessing = 0;
		};
/* End PBXFrameworksBuildPhase section */

/* Begin PBXGroup section */
		FE8416B22F797D8700F09B6A = {
			isa = PBXGroup;
			children = (
				FE8416BD2F797D8700F09B6A /* Tally */,
				FFBAF41E2F8DD4280012CA32 /* TallyTests */,
				FE8416BC2F797D8700F09B6A /* Products */,
			);
			sourceTree = "<group>";
		};
		FE8416BC2F797D8700F09B6A /* Products */ = {
			isa = PBXGroup;
			children = (
				FE8416BB2F797D8700F09B6A /* Tally.app */,
				FFBAF41D2F8DD4280012CA32 /* TallyTests.xctest */,
			);
			name = Products;
			sourceTree = "<group>";
		};
		FE8416BD2F797D8700F09B6A /* Tally */ = {
			isa = PBXGroup;
			children = (
				FE8416BE2F797D8700F09B6A /* TallyApp.swift */,
				FE8416C02F797D8700F09B6A /* ContentView.swift */,
				FE8416C22F797D8B00F09B6A /* Assets.xcassets */,
				FE8416C72F797D8B00F09B6A /* Info.plist */,
				FE8416CE2F797DC100F09B6A /* Models */,
				FE8416CF2F797DCA00F09B6A /* ViewModels */,
				FE8416D02F797DD500F09B6A /* Views */,
				FE8416D12F797DE000F09B6A /* Services */,
				FE8416D22F797E0400F09B6A /* Animations */,
				FE8416D32F797E0D00F09B6A /* Utilities */,
				FE8416D52F797E2600F09B6A /* Tests */,
				FE8416C42F797D8B00F09B6A /* Preview Content */,
			);
			path = Tally;
			sourceTree = "<group>";
		};
		FE8416C42F797D8B00F09B6A /* Preview Content */ = {
			isa = PBXGroup;
			children = (
				FE8416C52F797D8B00F09B6A /* Preview Assets.xcassets */,
			);
			path = "Preview Content";
			sourceTree = "<group>";
		};
		FE8416CE2F797DC100F09B6A /* Models */ = {
			isa = PBXGroup;
			children = (
				FE8416D62F797EAB00F09B6A /* Habit.swift */,
				FE8416DA2F797EBE00F09B6A /* HabitLog.swift */,
				FE8416DD2F797ED000F09B6A /* HabitType.swift */,
			);
			path = Models;
			sourceTree = "<group>";
		};
		FE8416CF2F797DCA00F09B6A /* ViewModels */ = {
			isa = PBXGroup;
			children = (
				FE8416E02F797EE400F09B6A /* HomeViewModel.swift */,
				FE8416E32F797EF900F09B6A /* HabitDetailViewModel.swift */,
			);
			path = ViewModels;
			sourceTree = "<group>";
		};
		FE8416D02F797DD500F09B6A /* Views */ = {
			isa = PBXGroup;
			children = (
				FE8416E62F797F0100F09B6A /* Home */,
				FE8416E72F797F0C00F09B6A /* Detail */,
				FE8416E82F797F3700F09B6A /* Creation */,
				FE8416E92F797F3F00F09B6A /* Shared */,
			);
			path = Views;
			sourceTree = "<group>";
		};
		FE8416D12F797DE000F09B6A /* Services */ = {
			isa = PBXGroup;
			children = (
				FE8417072F7980AE00F09B6A /* StreakEngine.swift */,
				FE84170A2F7980C000F09B6A /* MilestoneService.swift */,
			);
			path = Services;
			sourceTree = "<group>";
		};
		FE8416D22F797E0400F09B6A /* Animations */ = {
			isa = PBXGroup;
			children = (
				FE84170D2F7980E100F09B6A /* ParticleBurstView.swift */,
				FE8417102F7980FB00F09B6A /* FlameAnimationView.swift */,
				FE8417132F79811000F09B6A /* LightingEffectView.swift */,
				FE8417162F79812800F09B6A /* SupernovaView.swift */,
				FFBAF42E2F8DDAA20012CA32 /* LegendBadgeView.swift */,
			);
			path = Animations;
			sourceTree = "<group>";
		};
		FE8416D32F797E0D00F09B6A /* Utilities */ = {
			isa = PBXGroup;
			children = (
				FE8417192F79813700F09B6A /* DateHelpers.swift */,
				FE84171C2F79814800F09B6A /* HapticManager.swift */,
				FFBAF4072F86DCAC0012CA32 /* Color+Hex.swift */,
				FFBAF4302F8DDB970012CA32 /* DemoData.swift */,
			);
			path = Utilities;
			sourceTree = "<group>";
		};
		FE8416D52F797E2600F09B6A /* Tests */ = {
			isa = PBXGroup;
			children = (
			);
			path = Tests;
			sourceTree = "<group>";
		};
		FE8416E62F797F0100F09B6A /* Home */ = {
			isa = PBXGroup;
			children = (
				FE8416EA2F797F7300F09B6A /* HomeView.swift */,
				FE8416ED2F797F8600F09B6A /* HabitCardView.swift */,
			);
			path = Home;
			sourceTree = "<group>";
		};
		FE8416E72F797F0C00F09B6A /* Detail */ = {
			isa = PBXGroup;
			children = (
				FE8416F02F797F9C00F09B6A /* HabitDetailView.swift */,
				FE8417252F79829C00F09B6A /* CalendarHeatMapView.swift */,
				FE8416F72F797FF700F09B6A /* MilestoneBadgeRow.swift */,
			);
			path = Detail;
			sourceTree = "<group>";
		};
		FE8416E82F797F3700F09B6A /* Creation */ = {
			isa = PBXGroup;
			children = (
				FE8416FA2F79801E00F09B6A /* AddHabitSheet.swift */,
			);
			path = Creation;
			sourceTree = "<group>";
		};
		FE8416E92F797F3F00F09B6A /* Shared */ = {
			isa = PBXGroup;
			children = (
				FE8416FD2F79803600F09B6A /* ProgressRingView.swift */,
				FE8417002F79805000F09B6A /* StreakCounterView.swift */,
				FE8417032F79807500F09B6A /* MilestoneOverlay.swift */,
				FFBAF4092F86DCD70012CA32 /* UndoToastView.swift */,
				FFBAF4172F86F6E50012CA32 /* HabitIconView.swift */,
			);
			path = Shared;
			sourceTree = "<group>";
		};
/* End PBXGroup section */

/* Begin PBXNativeTarget section */
		FE8416BA2F797D8700F09B6A /* Tally */ = {
			isa = PBXNativeTarget;
			buildConfigurationList = FE8416CA2F797D8B00F09B6A /* Build configuration list for PBXNativeTarget "Tally" */;
			buildPhases = (
				FE8416B72F797D8700F09B6A /* Sources */,
				FE8416B82F797D8700F09B6A /* Frameworks */,
				FE8416B92F797D8700F09B6A /* Resources */,
			);
			buildRules = (
			);
			dependencies = (
			);
			name = Tally;
			productName = Tally;
			productReference = FE8416BB2F797D8700F09B6A /* Tally.app */;
			productType = "com.apple.product-type.application";
		};
		FFBAF41C2F8DD4280012CA32 /* TallyTests */ = {
			isa = PBXNativeTarget;
			buildConfigurationList = FFBAF4252F8DD4280012CA32 /* Build configuration list for PBXNativeTarget "TallyTests" */;
			buildPhases = (
				FFBAF4192F8DD4280012CA32 /* Sources */,
				FFBAF41A2F8DD4280012CA32 /* Frameworks */,
				FFBAF41B2F8DD4280012CA32 /* Resources */,
			);
			buildRules = (
			);
			dependencies = (
				FFBAF4222F8DD4280012CA32 /* PBXTargetDependency */,
			);
			fileSystemSynchronizedGroups = (
				FFBAF41E2F8DD4280012CA32 /* TallyTests */,
			);
			name = TallyTests;
			packageProductDependencies = (
			);
			productName = TallyTests;
			productReference = FFBAF41D2F8DD4280012CA32 /* TallyTests.xctest */;
			productType = "com.apple.product-type.bundle.unit-test";
		};
/* End PBXNativeTarget section */

/* Begin PBXProject section */
		FE8416B32F797D8700F09B6A /* Project object */ = {
			isa = PBXProject;
			attributes = {
				BuildIndependentTargetsInParallel = YES;
				LastSwiftUpdateCheck = 2640;
				LastUpgradeCheck = 2640;
				TargetAttributes = {
					FE8416BA2F797D8700F09B6A = {
						CreatedOnToolsVersion = 12.4;
					};
					FFBAF41C2F8DD4280012CA32 = {
						CreatedOnToolsVersion = 26.4;
						TestTargetID = FE8416BA2F797D8700F09B6A;
					};
				};
			};
			buildConfigurationList = FE8416B62F797D8700F09B6A /* Build configuration list for PBXProject "Tally" */;
			compatibilityVersion = "Xcode 9.3";
			developmentRegion = en;
			hasScannedForEncodings = 0;
			knownRegions = (
				en,
				Base,
			);
			mainGroup = FE8416B22F797D8700F09B6A;
			productRefGroup = FE8416BC2F797D8700F09B6A /* Products */;
			projectDirPath = "";
			projectRoot = "";
			targets = (
				FE8416BA2F797D8700F09B6A /* Tally */,
				FFBAF41C2F8DD4280012CA32 /* TallyTests */,
			);
		};
/* End PBXProject section */

/* Begin PBXResourcesBuildPhase section */
		FE8416B92F797D8700F09B6A /* Resources */ = {
			isa = PBXResourcesBuildPhase;
			buildActionMask = 2147483647;
			files = (
				FE8416C62F797D8B00F09B6A /* Preview Assets.xcassets in Resources */,
				FE8416C32F797D8B00F09B6A /* Assets.xcassets in Resources */,
			);
			runOnlyForDeploymentPostprocessing = 0;
		};
		FFBAF41B2F8DD4280012CA32 /* Resources */ = {
			isa = PBXResourcesBuildPhase;
			buildActionMask = 2147483647;
			files = (
			);
			runOnlyForDeploymentPostprocessing = 0;
		};
/* End PBXResourcesBuildPhase section */

/* Begin PBXSourcesBuildPhase section */
		FE8416B72F797D8700F09B6A /* Sources */ = {
			isa = PBXSourcesBuildPhase;
			buildActionMask = 2147483647;
			files = (
				FE8416D72F797EAB00F09B6A /* Habit.swift in Sources */,
				FFBAF4182F86F6E50012CA32 /* HabitIconView.swift in Sources */,
				FE84170E2F7980E100F09B6A /* ParticleBurstView.swift in Sources */,
				FE84170B2F7980C000F09B6A /* MilestoneService.swift in Sources */,
				FE84171A2F79813700F09B6A /* DateHelpers.swift in Sources */,
				FE8417042F79807500F09B6A /* MilestoneOverlay.swift in Sources */,
				FE8416E12F797EE400F09B6A /* HomeViewModel.swift in Sources */,
				FE8417172F79812800F09B6A /* SupernovaView.swift in Sources */,
				FE8416FB2F79801E00F09B6A /* AddHabitSheet.swift in Sources */,
				FFBAF40A2F86DCD70012CA32 /* UndoToastView.swift in Sources */,
				FE8416EE2F797F8600F09B6A /* HabitCardView.swift in Sources */,
				FE84171D2F79814800F09B6A /* HapticManager.swift in Sources */,
				FE8416E42F797EF900F09B6A /* HabitDetailViewModel.swift in Sources */,
				FE8416F82F797FF700F09B6A /* MilestoneBadgeRow.swift in Sources */,
				FE8416FE2F79803600F09B6A /* ProgressRingView.swift in Sources */,
				FE8416DE2F797ED000F09B6A /* HabitType.swift in Sources */,
				FE8416C12F797D8700F09B6A /* ContentView.swift in Sources */,
				FFBAF4082F86DCAD0012CA32 /* Color+Hex.swift in Sources */,
				FE8417262F79829C00F09B6A /* CalendarHeatMapView.swift in Sources */,
				FFBAF4312F8DDB970012CA32 /* DemoData.swift in Sources */,
				FE8416F12F797F9C00F09B6A /* HabitDetailView.swift in Sources */,
				FE8417012F79805000F09B6A /* StreakCounterView.swift in Sources */,
				FE8417112F7980FB00F09B6A /* FlameAnimationView.swift in Sources */,
				FE8416EB2F797F7300F09B6A /* HomeView.swift in Sources */,
				FE8416BF2F797D8700F09B6A /* TallyApp.swift in Sources */,
				FE8417082F7980AE00F09B6A /* StreakEngine.swift in Sources */,
				FFBAF42F2F8DDAA20012CA32 /* LegendBadgeView.swift in Sources */,
				FE8416DB2F797EBE00F09B6A /* HabitLog.swift in Sources */,
				FE8417142F79811000F09B6A /* LightingEffectView.swift in Sources */,
			);
			runOnlyForDeploymentPostprocessing = 0;
		};
		FFBAF4192F8DD4280012CA32 /* Sources */ = {
			isa = PBXSourcesBuildPhase;
			buildActionMask = 2147483647;
			files = (
			);
			runOnlyForDeploymentPostprocessing = 0;
		};
/* End PBXSourcesBuildPhase section */

/* Begin PBXTargetDependency section */
		FFBAF4222F8DD4280012CA32 /* PBXTargetDependency */ = {
			isa = PBXTargetDependency;
			target = FE8416BA2F797D8700F09B6A /* Tally */;
			targetProxy = FFBAF4212F8DD4280012CA32 /* PBXContainerItemProxy */;
		};
/* End PBXTargetDependency section */

/* Begin XCBuildConfiguration section */
		FE8416C82F797D8B00F09B6A /* Debug */ = {
			isa = XCBuildConfiguration;
			buildSettings = {
				ALWAYS_SEARCH_USER_PATHS = NO;
				CLANG_ANALYZER_NONNULL = YES;
				CLANG_ANALYZER_NUMBER_OBJECT_CONVERSION = YES_AGGRESSIVE;
				CLANG_CXX_LANGUAGE_STANDARD = "gnu++14";
				CLANG_CXX_LIBRARY = "libc++";
				CLANG_ENABLE_MODULES = YES;
				CLANG_ENABLE_OBJC_ARC = YES;
				CLANG_ENABLE_OBJC_WEAK = YES;
				CLANG_WARN_BLOCK_CAPTURE_AUTORELEASING = YES;
				CLANG_WARN_BOOL_CONVERSION = YES;
				CLANG_WARN_COMMA = YES;
				CLANG_WARN_CONSTANT_CONVERSION = YES;
				CLANG_WARN_DEPRECATED_OBJC_IMPLEMENTATIONS = YES;
				CLANG_WARN_DIRECT_OBJC_ISA_USAGE = YES_ERROR;
				CLANG_WARN_DOCUMENTATION_COMMENTS = YES;
				CLANG_WARN_EMPTY_BODY = YES;
				CLANG_WARN_ENUM_CONVERSION = YES;
				CLANG_WARN_INFINITE_RECURSION = YES;
				CLANG_WARN_INT_CONVERSION = YES;
				CLANG_WARN_NON_LITERAL_NULL_CONVERSION = YES;
				CLANG_WARN_OBJC_IMPLICIT_RETAIN_SELF = YES;
				CLANG_WARN_OBJC_LITERAL_CONVERSION = YES;
				CLANG_WARN_OBJC_ROOT_CLASS = YES_ERROR;
				CLANG_WARN_QUOTED_INCLUDE_IN_FRAMEWORK_HEADER = YES;
				CLANG_WARN_RANGE_LOOP_ANALYSIS = YES;
				CLANG_WARN_STRICT_PROTOTYPES = YES;
				CLANG_WARN_SUSPICIOUS_MOVE = YES;
				CLANG_WARN_UNGUARDED_AVAILABILITY = YES_AGGRESSIVE;
				CLANG_WARN_UNREACHABLE_CODE = YES;
				CLANG_WARN__DUPLICATE_METHOD_MATCH = YES;
				COPY_PHASE_STRIP = NO;
				DEBUG_INFORMATION_FORMAT = dwarf;
				ENABLE_STRICT_OBJC_MSGSEND = YES;
				ENABLE_TESTABILITY = YES;
				ENABLE_USER_SCRIPT_SANDBOXING = YES;
				GCC_C_LANGUAGE_STANDARD = gnu11;
				GCC_DYNAMIC_NO_PIC = NO;
				GCC_NO_COMMON_BLOCKS = YES;
				GCC_OPTIMIZATION_LEVEL = 0;
				GCC_PREPROCESSOR_DEFINITIONS = (
					"DEBUG=1",
					"$(inherited)",
				);
				GCC_WARN_64_TO_32_BIT_CONVERSION = YES;
				GCC_WARN_ABOUT_RETURN_TYPE = YES_ERROR;
				GCC_WARN_UNDECLARED_SELECTOR = YES;
				GCC_WARN_UNINITIALIZED_AUTOS = YES_AGGRESSIVE;
				GCC_WARN_UNUSED_FUNCTION = YES;
				GCC_WARN_UNUSED_VARIABLE = YES;
				IPHONEOS_DEPLOYMENT_TARGET = 17.6;
				MTL_ENABLE_DEBUG_INFO = INCLUDE_SOURCE;
				MTL_FAST_MATH = YES;
				ONLY_ACTIVE_ARCH = YES;
				SDKROOT = iphoneos;
				STRING_CATALOG_GENERATE_SYMBOLS = YES;
				SWIFT_ACTIVE_COMPILATION_CONDITIONS = DEBUG;
				SWIFT_OPTIMIZATION_LEVEL = "-Onone";
			};
			name = Debug;
		};
		FE8416C92F797D8B00F09B6A /* Release */ = {
			isa = XCBuildConfiguration;
			buildSettings = {
				ALWAYS_SEARCH_USER_PATHS = NO;
				CLANG_ANALYZER_NONNULL = YES;
				CLANG_ANALYZER_NUMBER_OBJECT_CONVERSION = YES_AGGRESSIVE;
				CLANG_CXX_LANGUAGE_STANDARD = "gnu++14";
				CLANG_CXX_LIBRARY = "libc++";
				CLANG_ENABLE_MODULES = YES;
				CLANG_ENABLE_OBJC_ARC = YES;
				CLANG_ENABLE_OBJC_WEAK = YES;
				CLANG_WARN_BLOCK_CAPTURE_AUTORELEASING = YES;
				CLANG_WARN_BOOL_CONVERSION = YES;
				CLANG_WARN_COMMA = YES;
				CLANG_WARN_CONSTANT_CONVERSION = YES;
				CLANG_WARN_DEPRECATED_OBJC_IMPLEMENTATIONS = YES;
				CLANG_WARN_DIRECT_OBJC_ISA_USAGE = YES_ERROR;
				CLANG_WARN_DOCUMENTATION_COMMENTS = YES;
				CLANG_WARN_EMPTY_BODY = YES;
				CLANG_WARN_ENUM_CONVERSION = YES;
				CLANG_WARN_INFINITE_RECURSION = YES;
				CLANG_WARN_INT_CONVERSION = YES;
				CLANG_WARN_NON_LITERAL_NULL_CONVERSION = YES;
				CLANG_WARN_OBJC_IMPLICIT_RETAIN_SELF = YES;
				CLANG_WARN_OBJC_LITERAL_CONVERSION = YES;
				CLANG_WARN_OBJC_ROOT_CLASS = YES_ERROR;
				CLANG_WARN_QUOTED_INCLUDE_IN_FRAMEWORK_HEADER = YES;
				CLANG_WARN_RANGE_LOOP_ANALYSIS = YES;
				CLANG_WARN_STRICT_PROTOTYPES = YES;
				CLANG_WARN_SUSPICIOUS_MOVE = YES;
				CLANG_WARN_UNGUARDED_AVAILABILITY = YES_AGGRESSIVE;
				CLANG_WARN_UNREACHABLE_CODE = YES;
				CLANG_WARN__DUPLICATE_METHOD_MATCH = YES;
				COPY_PHASE_STRIP = NO;
				DEBUG_INFORMATION_FORMAT = "dwarf-with-dsym";
				ENABLE_NS_ASSERTIONS = NO;
				ENABLE_STRICT_OBJC_MSGSEND = YES;
				ENABLE_USER_SCRIPT_SANDBOXING = YES;
				GCC_C_LANGUAGE_STANDARD = gnu11;
				GCC_NO_COMMON_BLOCKS = YES;
				GCC_WARN_64_TO_32_BIT_CONVERSION = YES;
				GCC_WARN_ABOUT_RETURN_TYPE = YES_ERROR;
				GCC_WARN_UNDECLARED_SELECTOR = YES;
				GCC_WARN_UNINITIALIZED_AUTOS = YES_AGGRESSIVE;
				GCC_WARN_UNUSED_FUNCTION = YES;
				GCC_WARN_UNUSED_VARIABLE = YES;
				IPHONEOS_DEPLOYMENT_TARGET = 17.6;
				MTL_ENABLE_DEBUG_INFO = NO;
				MTL_FAST_MATH = YES;
				SDKROOT = iphoneos;
				STRING_CATALOG_GENERATE_SYMBOLS = YES;
				SWIFT_COMPILATION_MODE = wholemodule;
				SWIFT_OPTIMIZATION_LEVEL = "-O";
				VALIDATE_PRODUCT = YES;
			};
			name = Release;
		};
		FE8416CB2F797D8B00F09B6A /* Debug */ = {
			isa = XCBuildConfiguration;
			buildSettings = {
				ASSETCATALOG_COMPILER_APPICON_NAME = AppIcon;
				ASSETCATALOG_COMPILER_GLOBAL_ACCENT_COLOR_NAME = AccentColor;
				CODE_SIGN_STYLE = Automatic;
				DEVELOPMENT_ASSET_PATHS = "\"Tally/Preview Content\"";
				DEVELOPMENT_TEAM = PU684LFBK4;
				ENABLE_PREVIEWS = YES;
				INFOPLIST_FILE = Tally/Info.plist;
				IPHONEOS_DEPLOYMENT_TARGET = 17.6;
				LD_RUNPATH_SEARCH_PATHS = (
					"$(inherited)",
					"@executable_path/Frameworks",
				);
				PRODUCT_BUNDLE_IDENTIFIER = FIU.Tally;
				PRODUCT_NAME = "$(TARGET_NAME)";
				SWIFT_VERSION = 5.0;
				TARGETED_DEVICE_FAMILY = "1,2";
			};
			name = Debug;
		};
		FE8416CC2F797D8B00F09B6A /* Release */ = {
			isa = XCBuildConfiguration;
			buildSettings = {
				ASSETCATALOG_COMPILER_APPICON_NAME = AppIcon;
				ASSETCATALOG_COMPILER_GLOBAL_ACCENT_COLOR_NAME = AccentColor;
				CODE_SIGN_STYLE = Automatic;
				DEVELOPMENT_ASSET_PATHS = "\"Tally/Preview Content\"";
				DEVELOPMENT_TEAM = PU684LFBK4;
				ENABLE_PREVIEWS = YES;
				INFOPLIST_FILE = Tally/Info.plist;
				IPHONEOS_DEPLOYMENT_TARGET = 17.6;
				LD_RUNPATH_SEARCH_PATHS = (
					"$(inherited)",
					"@executable_path/Frameworks",
				);
				PRODUCT_BUNDLE_IDENTIFIER = FIU.Tally;
				PRODUCT_NAME = "$(TARGET_NAME)";
				SWIFT_VERSION = 5.0;
				TARGETED_DEVICE_FAMILY = "1,2";
			};
			name = Release;
		};
		FFBAF4232F8DD4280012CA32 /* Debug */ = {
			isa = XCBuildConfiguration;
			buildSettings = {
				ASSETCATALOG_COMPILER_GENERATE_SWIFT_ASSET_SYMBOL_EXTENSIONS = YES;
				BUNDLE_LOADER = "$(TEST_HOST)";
				CLANG_CXX_LANGUAGE_STANDARD = "gnu++20";
				CODE_SIGN_STYLE = Automatic;
				CURRENT_PROJECT_VERSION = 1;
				DEVELOPMENT_TEAM = PU684LFBK4;
				GCC_C_LANGUAGE_STANDARD = gnu17;
				GENERATE_INFOPLIST_FILE = YES;
				IPHONEOS_DEPLOYMENT_TARGET = 26.4;
				LOCALIZATION_PREFERS_STRING_CATALOGS = YES;
				MARKETING_VERSION = 1.0;
				PRODUCT_BUNDLE_IDENTIFIER = fiu.TallyTests;
				PRODUCT_NAME = "$(TARGET_NAME)";
				STRING_CATALOG_GENERATE_SYMBOLS = NO;
				SWIFT_ACTIVE_COMPILATION_CONDITIONS = "DEBUG $(inherited)";
				SWIFT_APPROACHABLE_CONCURRENCY = YES;
				SWIFT_EMIT_LOC_STRINGS = NO;
				SWIFT_UPCOMING_FEATURE_MEMBER_IMPORT_VISIBILITY = YES;
				SWIFT_VERSION = 5.0;
				TARGETED_DEVICE_FAMILY = "1,2";
				TEST_HOST = "$(BUILT_PRODUCTS_DIR)/Tally.app/$(BUNDLE_EXECUTABLE_FOLDER_PATH)/Tally";
			};
			name = Debug;
		};
		FFBAF4242F8DD4280012CA32 /* Release */ = {
			isa = XCBuildConfiguration;
			buildSettings = {
				ASSETCATALOG_COMPILER_GENERATE_SWIFT_ASSET_SYMBOL_EXTENSIONS = YES;
				BUNDLE_LOADER = "$(TEST_HOST)";
				CLANG_CXX_LANGUAGE_STANDARD = "gnu++20";
				CODE_SIGN_STYLE = Automatic;
				CURRENT_PROJECT_VERSION = 1;
				DEVELOPMENT_TEAM = PU684LFBK4;
				GCC_C_LANGUAGE_STANDARD = gnu17;
				GENERATE_INFOPLIST_FILE = YES;
				IPHONEOS_DEPLOYMENT_TARGET = 26.4;
				LOCALIZATION_PREFERS_STRING_CATALOGS = YES;
				MARKETING_VERSION = 1.0;
				PRODUCT_BUNDLE_IDENTIFIER = fiu.TallyTests;
				PRODUCT_NAME = "$(TARGET_NAME)";
				STRING_CATALOG_GENERATE_SYMBOLS = NO;
				SWIFT_APPROACHABLE_CONCURRENCY = YES;
				SWIFT_EMIT_LOC_STRINGS = NO;
				SWIFT_UPCOMING_FEATURE_MEMBER_IMPORT_VISIBILITY = YES;
				SWIFT_VERSION = 5.0;
				TARGETED_DEVICE_FAMILY = "1,2";
				TEST_HOST = "$(BUILT_PRODUCTS_DIR)/Tally.app/$(BUNDLE_EXECUTABLE_FOLDER_PATH)/Tally";
			};
			name = Release;
		};
/* End XCBuildConfiguration section */

/* Begin XCConfigurationList section */
		FE8416B62F797D8700F09B6A /* Build configuration list for PBXProject "Tally" */ = {
			isa = XCConfigurationList;
			buildConfigurations = (
				FE8416C82F797D8B00F09B6A /* Debug */,
				FE8416C92F797D8B00F09B6A /* Release */,
			);
			defaultConfigurationIsVisible = 0;
			defaultConfigurationName = Release;
		};
		FE8416CA2F797D8B00F09B6A /* Build configuration list for PBXNativeTarget "Tally" */ = {
			isa = XCConfigurationList;
			buildConfigurations = (
				FE8416CB2F797D8B00F09B6A /* Debug */,
				FE8416CC2F797D8B00F09B6A /* Release */,
			);
			defaultConfigurationIsVisible = 0;
			defaultConfigurationName = Release;
		};
		FFBAF4252F8DD4280012CA32 /* Build configuration list for PBXNativeTarget "TallyTests" */ = {
			isa = XCConfigurationList;
			buildConfigurations = (
				FFBAF4232F8DD4280012CA32 /* Debug */,
				FFBAF4242F8DD4280012CA32 /* Release */,
			);
			defaultConfigurationIsVisible = 0;
			defaultConfigurationName = Release;
		};
/* End XCConfigurationList section */
	};
	rootObject = FE8416B32F797D8700F09B6A /* Project object */;
}
